
Microsoft Visual Studio Solution File, Format Version 12.00
# Visual Studio Version 16
VisualStudioVersion = 16.0.30104.148
MinimumVisualStudioVersion = 10.0.40219.1
Project("{FAE04EC0-301F-11D3-BF4B-00C04F79EFBC}") = "Abilitiesforme", "Abilitiesforme.csproj", "{66776A42-594D-4514-B51E-6F687372197B}"
EndProject
Global
	GlobalSection(SolutionConfigurationPlatforms) = preSolution
		Debug|Any CPU = Debug|Any CPU
		Release|Any CPU = Release|Any CPU
	EndGlobalSection
	GlobalSection(ProjectConfigurationPlatforms) = postSolution
		{66776A42-594D-4514-B51E-6F687372197B}.Debug|Any CPU.ActiveCfg = Debug|Any CPU
		{66776A42-594D-4514-B51E-6F687372197B}.Debug|Any CPU.Build.0 = Debug|Any CPU
		{66776A42-594D-4514-B51E-6F687372197B}.Release|Any CPU.ActiveCfg = Release|Any CPU
		{66776A42-594D-4514-B51E-6F687372197B}.Release|Any CPU.Build.0 = Release|Any CPU
	EndGlobalSection
	GlobalSection(SolutionProperties) = preSolution
		HideSolutionNode = FALSE
	EndGlobalSection
	GlobalSection(ExtensibilityGlobals) = postSolution
		SolutionGuid = {7FD4D2EF-3942-49FF-AFC7-00BB212034F9}
	EndGlobalSection
EndGlobal
